
Microsoft Visual Studio Solution File, Format Version 12.00
# Visual Studio Version 16
VisualStudioVersion = 16.0.30406.217
MinimumVisualStudioVersion = 10.0.40219.1
Project("{FAE04EC0-301F-11D3-BF4B-00C04F79EFBC}") = "WindowsFormsApp1", "WindowsFormsApp1\WindowsFormsApp1.csproj", "{F759AEB9-10E7-4AFF-88F5-3DEE3DF582DC}"
EndProject
Global
	GlobalSection(SolutionConfigurationPlatforms) = preSolution
		Debug|Any CPU = Debug|Any CPU
		Debug|x64 = Debug|x64
		Release|Any CPU = Release|Any CPU
		Release|x64 = Release|x64
	EndGlobalSection
	GlobalSection(ProjectConfigurationPlatforms) = postSolution
		{F759AEB9-10E7-4AFF-88F5-3DEE3DF582DC}.Debug|Any CPU.ActiveCfg = Debug|Any CPU
		{F759AEB9-10E7-4AFF-88F5-3DEE3DF582DC}.Debug|Any CPU.Build.0 = Debug|Any CPU
		{F759AEB9-10E7-4AFF-88F5-3DEE3DF582DC}.Debug|x64.ActiveCfg = Debug|x64
		{F759AEB9-10E7-4AFF-88F5-3DEE3DF582DC}.Debug|x64.Build.0 = Debug|x64
		{F759AEB9-10E7-4AFF-88F5-3DEE3DF582DC}.Release|Any CPU.ActiveCfg = Release|Any CPU
		{F759AEB9-10E7-4AFF-88F5-3DEE3DF582DC}.Release|Any CPU.Build.0 = Release|Any CPU
		{F759AEB9-10E7-4AFF-88F5-3DEE3DF582DC}.Release|x64.ActiveCfg = Release|x64
		{F759AEB9-10E7-4AFF-88F5-3DEE3DF582DC}.Release|x64.Build.0 = Release|x64
	EndGlobalSection
	GlobalSection(SolutionProperties) = preSolution
		HideSolutionNode = FALSE
	EndGlobalSection
	GlobalSection(ExtensibilityGlobals) = postSolution
		SolutionGuid = {8D336794-6FB2-4F14-A4E4-C083F58EBF23}
	EndGlobalSection
EndGlobal
